
Microsoft Visual Studio Solution File, Format Version 12.00
# Visual Studio Version 17
VisualStudioVersion = 17.9.34622.214
MinimumVisualStudioVersion = 10.0.40219.1
Project("{FAE04EC0-301F-11D3-BF4B-00C04F79EFBC}") = "Cwiczenia.8PetlaConsole", "Cwiczenia.8PetlaConsole\Cwiczenia.8PetlaConsole.csproj", "{D3D60FE0-2D78-4DE1-83A9-62198B836F0B}"
EndProject
Global
	GlobalSection(SolutionConfigurationPlatforms) = preSolution
		Debug|Any CPU = Debug|Any CPU
		Release|Any CPU = Release|Any CPU
	EndGlobalSection
	GlobalSection(ProjectConfigurationPlatforms) = postSolution
		{D3D60FE0-2D78-4DE1-83A9-62198B836F0B}.Debug|Any CPU.ActiveCfg = Debug|Any CPU
		{D3D60FE0-2D78-4DE1-83A9-62198B836F0B}.Debug|Any CPU.Build.0 = Debug|Any CPU
		{D3D60FE0-2D78-4DE1-83A9-62198B836F0B}.Release|Any CPU.ActiveCfg = Release|Any CPU
		{D3D60FE0-2D78-4DE1-83A9-62198B836F0B}.Release|Any CPU.Build.0 = Release|Any CPU
	EndGlobalSection
	GlobalSection(SolutionProperties) = preSolution
		HideSolutionNode = FALSE
	EndGlobalSection
	GlobalSection(ExtensibilityGlobals) = postSolution
		SolutionGuid = {95B02182-BA4F-4718-99EA-E14BFB609FD7}
	EndGlobalSection
EndGlobal
